
Microsoft Visual Studio Solution File, Format Version 12.00
# Visual Studio 15
VisualStudioVersion = 15.0.27703.2018
MinimumVisualStudioVersion = 10.0.40219.1
Project("{FAE04EC0-301F-11D3-BF4B-00C04F79EFBC}") = "EcKoncept", "EcKoncept\EcKoncept.csproj", "{EBF0E902-264C-48AF-A579-0B0274ABD661}"
EndProject
Global
	GlobalSection(SolutionConfigurationPlatforms) = preSolution
		Debug|Any CPU = Debug|Any CPU
		Release|Any CPU = Release|Any CPU
	EndGlobalSection
	GlobalSection(ProjectConfigurationPlatforms) = postSolution
		{EBF0E902-264C-48AF-A579-0B0274ABD661}.Debug|Any CPU.ActiveCfg = Debug|Any CPU
		{EBF0E902-264C-48AF-A579-0B0274ABD661}.Debug|Any CPU.Build.0 = Debug|Any CPU
		{EBF0E902-264C-48AF-A579-0B0274ABD661}.Release|Any CPU.ActiveCfg = Release|Any CPU
		{EBF0E902-264C-48AF-A579-0B0274ABD661}.Release|Any CPU.Build.0 = Release|Any CPU
	EndGlobalSection
	GlobalSection(SolutionProperties) = preSolution
		HideSolutionNode = FALSE
	EndGlobalSection
	GlobalSection(ExtensibilityGlobals) = postSolution
		SolutionGuid = {A8E1ECAE-7AD9-480D-83AB-811B7C958F36}
	EndGlobalSection
EndGlobal
